// !$*UTF8*$!
{
	archiveVersion = 1;
	classes = {
	};
	objectVersion = 46;
	objects = {

/* Begin PBXBuildFile section */
		17BAD2F11A9E418900C5F39D /* main.m in Sources */ = {isa = PBXBuildFile; fileRef = 17BAD2F01A9E418900C5F39D /* main.m */; };
		17BAD2F41A9E418900C5F39D /* AppDelegate.m in Sources */ = {isa = PBXBuildFile; fileRef = 17BAD2F31A9E418900C5F39D /* AppDelegate.m */; };
		17BAD2FA1A9E418900C5F39D /* Main.storyboard in Resources */ = {isa = PBXBuildFile; fileRef = 17BAD2F81A9E418900C5F39D /* Main.storyboard */; };
		17BAD2FC1A9E418900C5F39D /* Images.xcassets in Resources */ = {isa = PBXBuildFile; fileRef = 17BAD2FB1A9E418900C5F39D /* Images.xcassets */; };
		17BAD2FF1A9E418900C5F39D /* LaunchScreen.xib in Resources */ = {isa = PBXBuildFile; fileRef = 17BAD2FD1A9E418900C5F39D /* LaunchScreen.xib */; };
		17BAD30B1A9E418900C5F39D /* TableTests.m in Sources */ = {isa = PBXBuildFile; fileRef = 17BAD30A1A9E418900C5F39D /* TableTests.m */; };
		17BAD3161A9E41EB00C5F39D /* AppTableViewController.m in Sources */ = {isa = PBXBuildFile; fileRef = 17BAD3151A9E41EB00C5F39D /* AppTableViewController.m */; };
		17BAD3191A9E425900C5F39D /* AppTableViewCell.m in Sources */ = {isa = PBXBuildFile; fileRef = 17BAD3181A9E425900C5F39D /* AppTableViewCell.m */; };
		17BAD31C1A9E48AE00C5F39D /* AppDetalhesViewController.m in Sources */ = {isa = PBXBuildFile; fileRef = 17BAD31B1A9E48AE00C5F39D /* AppDetalhesViewController.m */; };
/* End PBXBuildFile section */

/* Begin PBXContainerItemProxy section */
		17BAD3051A9E418900C5F39D /* PBXContainerItemProxy */ = {
			isa = PBXContainerItemProxy;
			containerPortal = 17BAD2E31A9E418900C5F39D /* Project object */;
			proxyType = 1;
			remoteGlobalIDString = 17BAD2EA1A9E418900C5F39D;
			remoteInfo = Table;
		};
/* End PBXContainerItemProxy section */

/* Begin PBXFileReference section */
		17BAD2EB1A9E418900C5F39D /* Table.app */ = {isa = PBXFileReference; explicitFileType = wrapper.application; includeInIndex = 0; path = Table.app; sourceTree = BUILT_PRODUCTS_DIR; };
		17BAD2EF1A9E418900C5F39D /* Info.plist */ = {isa = PBXFileReference; lastKnownFileType = text.plist.xml; path = Info.plist; sourceTree = "<group>"; };
		17BAD2F01A9E418900C5F39D /* main.m */ = {isa = PBXFileReference; lastKnownFileType = sourcecode.c.objc; path = main.m; sourceTree = "<group>"; };
		17BAD2F21A9E418900C5F39D /* AppDelegate.h */ = {isa = PBXFileReference; lastKnownFileType = sourcecode.c.h; path = AppDelegate.h; sourceTree = "<group>"; };
		17BAD2F31A9E418900C5F39D /* AppDelegate.m */ = {isa = PBXFileReference; lastKnownFileType = sourcecode.c.objc; path = AppDelegate.m; sourceTree = "<group>"; };
		17BAD2F91A9E418900C5F39D /* Base */ = {isa = PBXFileReference; lastKnownFileType = file.storyboard; name = Base; path = Base.lproj/Main.storyboard; sourceTree = "<group>"; };
		17BAD2FB1A9E418900C5F39D /* Images.xcassets */ = {isa = PBXFileReference; lastKnownFileType = folder.assetcatalog; path = Images.xcassets; sourceTree = "<group>"; };
		17BAD2FE1A9E418900C5F39D /* Base */ = {isa = PBXFileReference; lastKnownFileType = file.xib; name = Base; path = Base.lproj/LaunchScreen.xib; sourceTree = "<group>"; };
		17BAD3041A9E418900C5F39D /* TableTests.xctest */ = {isa = PBXFileReference; explicitFileType = wrapper.cfbundle; includeInIndex = 0; path = TableTests.xctest; sourceTree = BUILT_PRODUCTS_DIR; };
		17BAD3091A9E418900C5F39D /* Info.plist */ = {isa = PBXFileReference; lastKnownFileType = text.plist.xml; path = Info.plist; sourceTree = "<group>"; };
		17BAD30A1A9E418900C5F39D /* TableTests.m */ = {isa = PBXFileReference; lastKnownFileType = sourcecode.c.objc; path = TableTests.m; sourceTree = "<group>"; };
		17BAD3141A9E41EB00C5F39D /* AppTableViewController.h */ = {isa = PBXFileReference; fileEncoding = 4; lastKnownFileType = sourcecode.c.h; name = AppTableViewController.h; path = ../AppTableViewController.h; sourceTree = "<group>"; };
		17BAD3151A9E41EB00C5F39D /* AppTableViewController.m */ = {isa = PBXFileReference; fileEncoding = 4; lastKnownFileType = sourcecode.c.objc; name = AppTableViewController.m; path = ../AppTableViewController.m; sourceTree = "<group>"; };
		17BAD3171A9E425900C5F39D /* AppTableViewCell.h */ = {isa = PBXFileReference; fileEncoding = 4; lastKnownFileType = sourcecode.c.h; name = AppTableViewCell.h; path = ../AppTableViewCell.h; sourceTree = "<group>"; };
		17BAD3181A9E425900C5F39D /* AppTableViewCell.m */ = {isa = PBXFileReference; fileEncoding = 4; lastKnownFileType = sourcecode.c.objc; name = AppTableViewCell.m; path = ../AppTableViewCell.m; sourceTree = "<group>"; };
		17BAD31A1A9E48AE00C5F39D /* AppDetalhesViewController.h */ = {isa = PBXFileReference; fileEncoding = 4; lastKnownFileType = sourcecode.c.h; name = AppDetalhesViewController.h; path = ../AppDetalhesViewController.h; sourceTree = "<group>"; };
		17BAD31B1A9E48AE00C5F39D /* AppDetalhesViewController.m */ = {isa = PBXFileReference; fileEncoding = 4; lastKnownFileType = sourcecode.c.objc; name = AppDetalhesViewController.m; path = ../AppDetalhesViewController.m; sourceTree = "<group>"; };
/* End PBXFileReference section */

/* Begin PBXFrameworksBuildPhase section */
		17BAD2E81A9E418900C5F39D /* Frameworks */ = {
			isa = PBXFrameworksBuildPhase;
			buildActionMask = 2147483647;
			files = (
			);
			runOnlyForDeploymentPostprocessing = 0;
		};
		17BAD3011A9E418900C5F39D /* Frameworks */ = {
			isa = PBXFrameworksBuildPhase;
			buildActionMask = 2147483647;
			files = (
			);
			runOnlyForDeploymentPostprocessing = 0;
		};
/* End PBXFrameworksBuildPhase section */

/* Begin PBXGroup section */
		17BAD2E21A9E418900C5F39D = {
			isa = PBXGroup;
			children = (
				17BAD2ED1A9E418900C5F39D /* Table */,
				17BAD3071A9E418900C5F39D /* TableTests */,
				17BAD2EC1A9E418900C5F39D /* Products */,
			);
			sourceTree = "<group>";
		};
		17BAD2EC1A9E418900C5F39D /* Products */ = {
			isa = PBXGroup;
			children = (
				17BAD2EB1A9E418900C5F39D /* Table.app */,
				17BAD3041A9E418900C5F39D /* TableTests.xctest */,
			);
			name = Products;
			sourceTree = "<group>";
		};
		17BAD2ED1A9E418900C5F39D /* Table */ = {
			isa = PBXGroup;
			children = (
				17BAD2F21A9E418900C5F39D /* AppDelegate.h */,
				17BAD2F31A9E418900C5F39D /* AppDelegate.m */,
				17BAD31A1A9E48AE00C5F39D /* AppDetalhesViewController.h */,
				17BAD31B1A9E48AE00C5F39D /* AppDetalhesViewController.m */,
				17BAD2F81A9E418900C5F39D /* Main.storyboard */,
				17BAD3141A9E41EB00C5F39D /* AppTableViewController.h */,
				17BAD3151A9E41EB00C5F39D /* AppTableViewController.m */,
				17BAD3171A9E425900C5F39D /* AppTableViewCell.h */,
				17BAD3181A9E425900C5F39D /* AppTableViewCell.m */,
				17BAD2FB1A9E418900C5F39D /* Images.xcassets */,
				17BAD2FD1A9E418900C5F39D /* LaunchScreen.xib */,
				17BAD2EE1A9E418900C5F39D /* Supporting Files */,
			);
			path = Table;
			sourceTree = "<group>";
		};
		17BAD2EE1A9E418900C5F39D /* Supporting Files */ = {
			isa = PBXGroup;
			children = (
				17BAD2EF1A9E418900C5F39D /* Info.plist */,
				17BAD2F01A9E418900C5F39D /* main.m */,
			);
			name = "Supporting Files";
			sourceTree = "<group>";
		};
		17BAD3071A9E418900C5F39D /* TableTests */ = {
			isa = PBXGroup;
			children = (
				17BAD30A1A9E418900C5F39D /* TableTests.m */,
				17BAD3081A9E418900C5F39D /* Supporting Files */,
			);
			path = TableTests;
			sourceTree = "<group>";
		};
		17BAD3081A9E418900C5F39D /* Supporting Files */ = {
			isa = PBXGroup;
			children = (
				17BAD3091A9E418900C5F39D /* Info.plist */,
			);
			name = "Supporting Files";
			sourceTree = "<group>";
		};
/* End PBXGroup section */

/* Begin PBXNativeTarget section */
		17BAD2EA1A9E418900C5F39D /* Table */ = {
			isa = PBXNativeTarget;
			buildConfigurationList = 17BAD30E1A9E418900C5F39D /* Build configuration list for PBXNativeTarget "Table" */;
			buildPhases = (
				17BAD2E71A9E418900C5F39D /* Sources */,
				17BAD2E81A9E418900C5F39D /* Frameworks */,
				17BAD2E91A9E418900C5F39D /* Resources */,
			);
			buildRules = (
			);
			dependencies = (
			);
			name = Table;
			productName = Table;
			productReference = 17BAD2EB1A9E418900C5F39D /* Table.app */;
			productType = "com.apple.product-type.application";
		};
		17BAD3031A9E418900C5F39D /* TableTests */ = {
			isa = PBXNativeTarget;
			buildConfigurationList = 17BAD3111A9E418900C5F39D /* Build configuration list for PBXNativeTarget "TableTests" */;
			buildPhases = (
				17BAD3001A9E418900C5F39D /* Sources */,
				17BAD3011A9E418900C5F39D /* Frameworks */,
				17BAD3021A9E418900C5F39D /* Resources */,
			);
			buildRules = (
			);
			dependencies = (
				17BAD3061A9E418900C5F39D /* PBXTargetDependency */,
			);
			name = TableTests;
			productName = TableTests;
			productReference = 17BAD3041A9E418900C5F39D /* TableTests.xctest */;
			productType = "com.apple.product-type.bundle.unit-test";
		};
/* End PBXNativeTarget section */

/* Begin PBXProject section */
		17BAD2E31A9E418900C5F39D /* Project object */ = {
			isa = PBXProject;
			attributes = {
				LastUpgradeCheck = 0610;
				ORGANIZATIONNAME = "João Marcos";
				TargetAttributes = {
					17BAD2EA1A9E418900C5F39D = {
						CreatedOnToolsVersion = 6.1.1;
					};
					17BAD3031A9E418900C5F39D = {
						CreatedOnToolsVersion = 6.1.1;
						TestTargetID = 17BAD2EA1A9E418900C5F39D;
					};
				};
			};
			buildConfigurationList = 17BAD2E61A9E418900C5F39D /* Build configuration list for PBXProject "Table" */;
			compatibilityVersion = "Xcode 3.2";
			developmentRegion = English;
			hasScannedForEncodings = 0;
			knownRegions = (
				en,
				Base,
			);
			mainGroup = 17BAD2E21A9E418900C5F39D;
			productRefGroup = 17BAD2EC1A9E418900C5F39D /* Products */;
			projectDirPath = "";
			projectRoot = "";
			targets = (
				17BAD2EA1A9E418900C5F39D /* Table */,
				17BAD3031A9E418900C5F39D /* TableTests */,
			);
		};
/* End PBXProject section */

/* Begin PBXResourcesBuildPhase section */
		17BAD2E91A9E418900C5F39D /* Resources */ = {
			isa = PBXResourcesBuildPhase;
			buildActionMask = 2147483647;
			files = (
				17BAD2FA1A9E418900C5F39D /* Main.storyboard in Resources */,
				17BAD2FF1A9E418900C5F39D /* LaunchScreen.xib in Resources */,
				17BAD2FC1A9E418900C5F39D /* Images.xcassets in Resources */,
			);
			runOnlyForDeploymentPostprocessing = 0;
		};
		17BAD3021A9E418900C5F39D /* Resources */ = {
			isa = PBXResourcesBuildPhase;
			buildActionMask = 2147483647;
			files = (
			);
			runOnlyForDeploymentPostprocessing = 0;
		};
/* End PBXResourcesBuildPhase section */

/* Begin PBXSourcesBuildPhase section */
		17BAD2E71A9E418900C5F39D /* Sources */ = {
			isa = PBXSourcesBuildPhase;
			buildActionMask = 2147483647;
			files = (
				17BAD2F41A9E418900C5F39D /* AppDelegate.m in Sources */,
				17BAD3191A9E425900C5F39D /* AppTableViewCell.m in Sources */,
				17BAD3161A9E41EB00C5F39D /* AppTableViewController.m in Sources */,
				17BAD31C1A9E48AE00C5F39D /* AppDetalhesViewController.m in Sources */,
				17BAD2F11A9E418900C5F39D /* main.m in Sources */,
			);
			runOnlyForDeploymentPostprocessing = 0;
		};
		17BAD3001A9E418900C5F39D /* Sources */ = {
			isa = PBXSourcesBuildPhase;
			buildActionMask = 2147483647;
			files = (
				17BAD30B1A9E418900C5F39D /* TableTests.m in Sources */,
			);
			runOnlyForDeploymentPostprocessing = 0;
		};
/* End PBXSourcesBuildPhase section */

/* Begin PBXTargetDependency section */
		17BAD3061A9E418900C5F39D /* PBXTargetDependency */ = {
			isa = PBXTargetDependency;
			target = 17BAD2EA1A9E418900C5F39D /* Table */;
			targetProxy = 17BAD3051A9E418900C5F39D /* PBXContainerItemProxy */;
		};
/* End PBXTargetDependency section */

/* Begin PBXVariantGroup section */
		17BAD2F81A9E418900C5F39D /* Main.storyboard */ = {
			isa = PBXVariantGroup;
			children = (
				17BAD2F91A9E418900C5F39D /* Base */,
			);
			name = Main.storyboard;
			sourceTree = "<group>";
		};
		17BAD2FD1A9E418900C5F39D /* LaunchScreen.xib */ = {
			isa = PBXVariantGroup;
			children = (
				17BAD2FE1A9E418900C5F39D /* Base */,
			);
			name = LaunchScreen.xib;
			sourceTree = "<group>";
		};
/* End PBXVariantGroup section */

/* Begin XCBuildConfiguration section */
		17BAD30C1A9E418900C5F39D /* Debug */ = {
			isa = XCBuildConfiguration;
			buildSettings = {
				ALWAYS_SEARCH_USER_PATHS = NO;
				CLANG_CXX_LANGUAGE_STANDARD = "gnu++0x";
				CLANG_CXX_LIBRARY = "libc++";
				CLANG_ENABLE_MODULES = YES;
				CLANG_ENABLE_OBJC_ARC = YES;
				CLANG_WARN_BOOL_CONVERSION = YES;
				CLANG_WARN_CONSTANT_CONVERSION = YES;
				CLANG_WARN_DIRECT_OBJC_ISA_USAGE = YES_ERROR;
				CLANG_WARN_EMPTY_BODY = YES;
				CLANG_WARN_ENUM_CONVERSION = YES;
				CLANG_WARN_INT_CONVERSION = YES;
				CLANG_WARN_OBJC_ROOT_CLASS = YES_ERROR;
				CLANG_WARN_UNREACHABLE_CODE = YES;
				CLANG_WARN__DUPLICATE_METHOD_MATCH = YES;
				"CODE_SIGN_IDENTITY[sdk=iphoneos*]" = "iPhone Developer";
				COPY_PHASE_STRIP = NO;
				ENABLE_STRICT_OBJC_MSGSEND = YES;
				GCC_C_LANGUAGE_STANDARD = gnu99;
				GCC_DYNAMIC_NO_PIC = NO;
				GCC_OPTIMIZATION_LEVEL = 0;
				GCC_PREPROCESSOR_DEFINITIONS = (
					"DEBUG=1",
					"$(inherited)",
				);
				GCC_SYMBOLS_PRIVATE_EXTERN = NO;
				GCC_WARN_64_TO_32_BIT_CONVERSION = YES;
				GCC_WARN_ABOUT_RETURN_TYPE = YES_ERROR;
				GCC_WARN_UNDECLARED_SELECTOR = YES;
				GCC_WARN_UNINITIALIZED_AUTOS = YES_AGGRESSIVE;
				GCC_WARN_UNUSED_FUNCTION = YES;
				GCC_WARN_UNUSED_VARIABLE = YES;
				IPHONEOS_DEPLOYMENT_TARGET = 8.1;
				MTL_ENABLE_DEBUG_INFO = YES;
				ONLY_ACTIVE_ARCH = YES;
				SDKROOT = iphoneos;
				TARGETED_DEVICE_FAMILY = "1,2";
			};
			name = Debug;
		};
		17BAD30D1A9E418900C5F39D /* Release */ = {
			isa = XCBuildConfiguration;
			buildSettings = {
				ALWAYS_SEARCH_USER_PATHS = NO;
				CLANG_CXX_LANGUAGE_STANDARD = "gnu++0x";
				CLANG_CXX_LIBRARY = "libc++";
				CLANG_ENABLE_MODULES = YES;
				CLANG_ENABLE_OBJC_ARC = YES;
				CLANG_WARN_BOOL_CONVERSION = YES;
				CLANG_WARN_CONSTANT_CONVERSION = YES;
				CLANG_WARN_DIRECT_OBJC_ISA_USAGE = YES_ERROR;
				CLANG_WARN_EMPTY_BODY = YES;
				CLANG_WARN_ENUM_CONVERSION = YES;
				CLANG_WARN_INT_CONVERSION = YES;
				CLANG_WARN_OBJC_ROOT_CLASS = YES_ERROR;
				CLANG_WARN_UNREACHABLE_CODE = YES;
				CLANG_WARN__DUPLICATE_METHOD_MATCH = YES;
				"CODE_SIGN_IDENTITY[sdk=iphoneos*]" = "iPhone Developer";
				COPY_PHASE_STRIP = YES;
				ENABLE_NS_ASSERTIONS = NO;
				ENABLE_STRICT_OBJC_MSGSEND = YES;
				GCC_C_LANGUAGE_STANDARD = gnu99;
				GCC_WARN_64_TO_32_BIT_CONVERSION = YES;
				GCC_WARN_ABOUT_RETURN_TYPE = YES_ERROR;
				GCC_WARN_UNDECLARED_SELECTOR = YES;
				GCC_WARN_UNINITIALIZED_AUTOS = YES_AGGRESSIVE;
				GCC_WARN_UNUSED_FUNCTION = YES;
				GCC_WARN_UNUSED_VARIABLE = YES;
				IPHONEOS_DEPLOYMENT_TARGET = 8.1;
				MTL_ENABLE_DEBUG_INFO = NO;
				SDKROOT = iphoneos;
				TARGETED_DEVICE_FAMILY = "1,2";
				VALIDATE_PRODUCT = YES;
			};
			name = Release;
		};
		17BAD30F1A9E418900C5F39D /* Debug */ = {
			isa = XCBuildConfiguration;
			buildSettings = {
				ASSETCATALOG_COMPILER_APPICON_NAME = AppIcon;
				INFOPLIST_FILE = Table/Info.plist;
				LD_RUNPATH_SEARCH_PATHS = "$(inherited) @executable_path/Frameworks";
				PRODUCT_NAME = "$(TARGET_NAME)";
			};
			name = Debug;
		};
		17BAD3101A9E418900C5F39D /* Release */ = {
			isa = XCBuildConfiguration;
			buildSettings = {
				ASSETCATALOG_COMPILER_APPICON_NAME = AppIcon;
				INFOPLIST_FILE = Table/Info.plist;
				LD_RUNPATH_SEARCH_PATHS = "$(inherited) @executable_path/Frameworks";
				PRODUCT_NAME = "$(TARGET_NAME)";
			};
			name = Release;
		};
		17BAD3121A9E418900C5F39D /* Debug */ = {
			isa = XCBuildConfiguration;
			buildSettings = {
				BUNDLE_LOADER = "$(TEST_HOST)";
				FRAMEWORK_SEARCH_PATHS = (
					"$(SDKROOT)/Developer/Library/Frameworks",
					"$(inherited)",
				);
				GCC_PREPROCESSOR_DEFINITIONS = (
					"DEBUG=1",
					"$(inherited)",
				);
				INFOPLIST_FILE = TableTests/Info.plist;
				LD_RUNPATH_SEARCH_PATHS = "$(inherited) @executable_path/Frameworks @loader_path/Frameworks";
				PRODUCT_NAME = "$(TARGET_NAME)";
				TEST_HOST = "$(BUILT_PRODUCTS_DIR)/Table.app/Table";
			};
			name = Debug;
		};
		17BAD3131A9E418900C5F39D /* Release */ = {
			isa = XCBuildConfiguration;
			buildSettings = {
				BUNDLE_LOADER = "$(TEST_HOST)";
				FRAMEWORK_SEARCH_PATHS = (
					"$(SDKROOT)/Developer/Library/Frameworks",
					"$(inherited)",
				);
				INFOPLIST_FILE = TableTests/Info.plist;
				LD_RUNPATH_SEARCH_PATHS = "$(inherited) @executable_path/Frameworks @loader_path/Frameworks";
				PRODUCT_NAME = "$(TARGET_NAME)";
				TEST_HOST = "$(BUILT_PRODUCTS_DIR)/Table.app/Table";
			};
			name = Release;
		};
/* End XCBuildConfiguration section */

/* Begin XCConfigurationList section */
		17BAD2E61A9E418900C5F39D /* Build configuration list for PBXProject "Table" */ = {
			isa = XCConfigurationList;
			buildConfigurations = (
				17BAD30C1A9E418900C5F39D /* Debug */,
				17BAD30D1A9E418900C5F39D /* Release */,
			);
			defaultConfigurationIsVisible = 0;
			defaultConfigurationName = Release;
		};
		17BAD30E1A9E418900C5F39D /* Build configuration list for PBXNativeTarget "Table" */ = {
			isa = XCConfigurationList;
			buildConfigurations = (
				17BAD30F1A9E418900C5F39D /* Debug */,
				17BAD3101A9E418900C5F39D /* Release */,
			);
			defaultConfigurationIsVisible = 0;
			defaultConfigurationName = Release;
		};
		17BAD3111A9E418900C5F39D /* Build configuration list for PBXNativeTarget "TableTests" */ = {
			isa = XCConfigurationList;
			buildConfigurations = (
				17BAD3121A9E418900C5F39D /* Debug */,
				17BAD3131A9E418900C5F39D /* Release */,
			);
			defaultConfigurationIsVisible = 0;
			defaultConfigurationName = Release;
		};
/* End XCConfigurationList section */
	};
	rootObject = 17BAD2E31A9E418900C5F39D /* Project object */;
}
